
Microsoft Visual Studio Solution File, Format Version 12.00
# Visual Studio Version 17
VisualStudioVersion = 17.4.33213.308
MinimumVisualStudioVersion = 10.0.40219.1
Project("{FAE04EC0-301F-11D3-BF4B-00C04F79EFBC}") = "NetworkWrapper", "NetworkWrapper\NetworkWrapper.csproj", "{6A463FD5-FAA4-44BE-B7C3-81B26AA160E1}"
EndProject
Project("{FAE04EC0-301F-11D3-BF4B-00C04F79EFBC}") = "NetworkWrapper.Core", "NetworkWrapper.Core\NetworkWrapper.Core.csproj", "{4AFE88C4-7A94-4295-BD61-4EB549CCEA42}"
EndProject
Project("{FAE04EC0-301F-11D3-BF4B-00C04F79EFBC}") = "NetworkWrapper.Services", "NetworkWrapper.Services\NetworkWrapper.Services.csproj", "{765C9E4A-3D04-4781-9069-88B173A1E96F}"
EndProject
Project("{FAE04EC0-301F-11D3-BF4B-00C04F79EFBC}") = "NetworkWrapper.Test", "NetworkWrapper.Test\NetworkWrapper.Test.csproj", "{B31C7F53-E74B-44D1-A85B-C557EC861A13}"
EndProject
Project("{2150E333-8FDC-42A3-9474-1A3956D46DE8}") = "Demo", "Demo", "{13640658-DFFE-4C03-B9A9-FEF49E6D048D}"
EndProject
Project("{FAE04EC0-301F-11D3-BF4B-00C04F79EFBC}") = "Server", "Server\Server.csproj", "{B8203EE3-ACAD-40BD-86DD-998E54293C9B}"
EndProject
Project("{FAE04EC0-301F-11D3-BF4B-00C04F79EFBC}") = "Client", "Client\Client.csproj", "{3FAB3B77-04D8-453F-A2AD-296802E569D3}"
EndProject
Global
	GlobalSection(SolutionConfigurationPlatforms) = preSolution
		Debug|Any CPU = Debug|Any CPU
		Release|Any CPU = Release|Any CPU
	EndGlobalSection
	GlobalSection(ProjectConfigurationPlatforms) = postSolution
		{6A463FD5-FAA4-44BE-B7C3-81B26AA160E1}.Debug|Any CPU.ActiveCfg = Debug|Any CPU
		{6A463FD5-FAA4-44BE-B7C3-81B26AA160E1}.Debug|Any CPU.Build.0 = Debug|Any CPU
		{6A463FD5-FAA4-44BE-B7C3-81B26AA160E1}.Release|Any CPU.ActiveCfg = Release|Any CPU
		{6A463FD5-FAA4-44BE-B7C3-81B26AA160E1}.Release|Any CPU.Build.0 = Release|Any CPU
		{4AFE88C4-7A94-4295-BD61-4EB549CCEA42}.Debug|Any CPU.ActiveCfg = Debug|Any CPU
		{4AFE88C4-7A94-4295-BD61-4EB549CCEA42}.Debug|Any CPU.Build.0 = Debug|Any CPU
		{4AFE88C4-7A94-4295-BD61-4EB549CCEA42}.Release|Any CPU.ActiveCfg = Release|Any CPU
		{4AFE88C4-7A94-4295-BD61-4EB549CCEA42}.Release|Any CPU.Build.0 = Release|Any CPU
		{765C9E4A-3D04-4781-9069-88B173A1E96F}.Debug|Any CPU.ActiveCfg = Debug|Any CPU
		{765C9E4A-3D04-4781-9069-88B173A1E96F}.Debug|Any CPU.Build.0 = Debug|Any CPU
		{765C9E4A-3D04-4781-9069-88B173A1E96F}.Release|Any CPU.ActiveCfg = Release|Any CPU
		{765C9E4A-3D04-4781-9069-88B173A1E96F}.Release|Any CPU.Build.0 = Release|Any CPU
		{B31C7F53-E74B-44D1-A85B-C557EC861A13}.Debug|Any CPU.ActiveCfg = Debug|Any CPU
		{B31C7F53-E74B-44D1-A85B-C557EC861A13}.Debug|Any CPU.Build.0 = Debug|Any CPU
		{B31C7F53-E74B-44D1-A85B-C557EC861A13}.Release|Any CPU.ActiveCfg = Release|Any CPU
		{B31C7F53-E74B-44D1-A85B-C557EC861A13}.Release|Any CPU.Build.0 = Release|Any CPU
		{B8203EE3-ACAD-40BD-86DD-998E54293C9B}.Debug|Any CPU.ActiveCfg = Debug|Any CPU
		{B8203EE3-ACAD-40BD-86DD-998E54293C9B}.Debug|Any CPU.Build.0 = Debug|Any CPU
		{B8203EE3-ACAD-40BD-86DD-998E54293C9B}.Release|Any CPU.ActiveCfg = Release|Any CPU
		{B8203EE3-ACAD-40BD-86DD-998E54293C9B}.Release|Any CPU.Build.0 = Release|Any CPU
		{3FAB3B77-04D8-453F-A2AD-296802E569D3}.Debug|Any CPU.ActiveCfg = Debug|Any CPU
		{3FAB3B77-04D8-453F-A2AD-296802E569D3}.Debug|Any CPU.Build.0 = Debug|Any CPU
		{3FAB3B77-04D8-453F-A2AD-296802E569D3}.Release|Any CPU.ActiveCfg = Release|Any CPU
		{3FAB3B77-04D8-453F-A2AD-296802E569D3}.Release|Any CPU.Build.0 = Release|Any CPU
	EndGlobalSection
	GlobalSection(SolutionProperties) = preSolution
		HideSolutionNode = FALSE
	EndGlobalSection
	GlobalSection(NestedProjects) = preSolution
		{B8203EE3-ACAD-40BD-86DD-998E54293C9B} = {13640658-DFFE-4C03-B9A9-FEF49E6D048D}
		{3FAB3B77-04D8-453F-A2AD-296802E569D3} = {13640658-DFFE-4C03-B9A9-FEF49E6D048D}
	EndGlobalSection
	GlobalSection(ExtensibilityGlobals) = postSolution
		SolutionGuid = {1BE7F600-DD28-4ED3-BC11-B70F225D1BB7}
	EndGlobalSection
EndGlobal
